
Microsoft Visual Studio Solution File, Format Version 12.00
# Visual Studio Version 17
VisualStudioVersion = 17.3.32922.545
MinimumVisualStudioVersion = 10.0.40219.1
Project("{FAE04EC0-301F-11D3-BF4B-00C04F79EFBC}") = "RevitAPI_Ex_6_part_3", "RevitAPI_Ex_6_part_3\RevitAPI_Ex_6_part_3.csproj", "{CC568449-626F-4574-BC0E-49DA04542E7C}"
EndProject
Global
	GlobalSection(SolutionConfigurationPlatforms) = preSolution
		Debug|Any CPU = Debug|Any CPU
		Release|Any CPU = Release|Any CPU
	EndGlobalSection
	GlobalSection(ProjectConfigurationPlatforms) = postSolution
		{CC568449-626F-4574-BC0E-49DA04542E7C}.Debug|Any CPU.ActiveCfg = Debug|Any CPU
		{CC568449-626F-4574-BC0E-49DA04542E7C}.Debug|Any CPU.Build.0 = Debug|Any CPU
		{CC568449-626F-4574-BC0E-49DA04542E7C}.Release|Any CPU.ActiveCfg = Release|Any CPU
		{CC568449-626F-4574-BC0E-49DA04542E7C}.Release|Any CPU.Build.0 = Release|Any CPU
	EndGlobalSection
	GlobalSection(SolutionProperties) = preSolution
		HideSolutionNode = FALSE
	EndGlobalSection
	GlobalSection(ExtensibilityGlobals) = postSolution
		SolutionGuid = {96D637B3-637F-4317-8EAD-E4161BAD5AFE}
	EndGlobalSection
EndGlobal
